
Microsoft Visual Studio Solution File, Format Version 12.00
# Visual Studio Version 16
VisualStudioVersion = 16.0.31729.503
MinimumVisualStudioVersion = 10.0.40219.1
Project("{FAE04EC0-301F-11D3-BF4B-00C04F79EFBC}") = "FunctDll", "FunctDll\FunctDll.csproj", "{709C2964-8F7E-4746-9111-0E100334372C}"
EndProject
Global
	GlobalSection(SolutionConfigurationPlatforms) = preSolution
		Debug|Any CPU = Debug|Any CPU
		Release|Any CPU = Release|Any CPU
	EndGlobalSection
	GlobalSection(ProjectConfigurationPlatforms) = postSolution
		{709C2964-8F7E-4746-9111-0E100334372C}.Debug|Any CPU.ActiveCfg = Debug|Any CPU
		{709C2964-8F7E-4746-9111-0E100334372C}.Debug|Any CPU.Build.0 = Debug|Any CPU
		{709C2964-8F7E-4746-9111-0E100334372C}.Release|Any CPU.ActiveCfg = Release|Any CPU
		{709C2964-8F7E-4746-9111-0E100334372C}.Release|Any CPU.Build.0 = Release|Any CPU
	EndGlobalSection
	GlobalSection(SolutionProperties) = preSolution
		HideSolutionNode = FALSE
	EndGlobalSection
	GlobalSection(ExtensibilityGlobals) = postSolution
		SolutionGuid = {87C3EB97-44B2-4614-B500-1E8A1E5E22B2}
	EndGlobalSection
EndGlobal
